
Microsoft Visual Studio Solution File, Format Version 12.00
# Visual Studio Version 17
VisualStudioVersion = 17.2.32630.192
MinimumVisualStudioVersion = 10.0.40219.1
Project("{9A19103F-16F7-4668-BE54-9A1E7A4F7556}") = "R5T.S0084", "R5T.S0084\R5T.S0084.csproj", "{D7635D48-D78B-43DE-9F0F-ECA5481EA6B7}"
EndProject
Project("{2150E333-8FDC-42A3-9474-1A3956D46DE8}") = "_Dependencies", "_Dependencies", "{4BBC8CAC-08A1-4653-9104-F69BD7DDC650}"
EndProject
Project("{9A19103F-16F7-4668-BE54-9A1E7A4F7556}") = "R5T.T0132", "..\..\R5T.T0132\source\R5T.T0132\R5T.T0132.csproj", "{09A59D22-9E67-4813-9494-9343801F2A8E}"
EndProject
Project("{9A19103F-16F7-4668-BE54-9A1E7A4F7556}") = "R5T.T0143", "..\..\R5T.T0143\source\R5T.T0143\R5T.T0143.csproj", "{BC2ACFCA-42DE-4CF5-A096-E9C2ED85A0AD}"
EndProject
Project("{9A19103F-16F7-4668-BE54-9A1E7A4F7556}") = "R5T.T0178", "..\..\R5T.T0178\source\R5T.T0178\R5T.T0178.csproj", "{D2E5E92E-069D-48B3-B23C-344F52D95430}"
EndProject
Project("{9A19103F-16F7-4668-BE54-9A1E7A4F7556}") = "R5T.T0179", "..\..\R5T.T0179\source\R5T.T0179\R5T.T0179.csproj", "{56544139-F1AD-4DC4-A6D4-2FE525136B04}"
EndProject
Project("{9A19103F-16F7-4668-BE54-9A1E7A4F7556}") = "R5T.T0218", "..\..\R5T.T0218\source\R5T.T0218\R5T.T0218.csproj", "{C7B7A15A-B704-48AC-82FB-7D56B826C16B}"
EndProject
Project("{9A19103F-16F7-4668-BE54-9A1E7A4F7556}") = "R5T.T0131", "..\..\R5T.T0131\source\R5T.T0131\R5T.T0131.csproj", "{9DE1A6ED-C8B3-43E7-9CC3-6CA2CD390379}"
EndProject
Project("{9A19103F-16F7-4668-BE54-9A1E7A4F7556}") = "R5T.Z0057", "..\..\R5T.Z0057\source\R5T.Z0057\R5T.Z0057.csproj", "{6702E401-2AE2-46EA-B37E-936B471F430C}"
EndProject
Project("{9A19103F-16F7-4668-BE54-9A1E7A4F7556}") = "R5T.T0141", "..\..\R5T.T0141\source\R5T.T0141\R5T.T0141.csproj", "{3E122AB0-3332-405A-95FD-E32E5A8D8DD5}"
EndProject
Project("{9A19103F-16F7-4668-BE54-9A1E7A4F7556}") = "R5T.F0139", "..\..\R5T.F0139\source\R5T.F0139\R5T.F0139.csproj", "{2F39B892-66B8-48F0-AC6C-B75D796348AD}"
EndProject
Project("{9A19103F-16F7-4668-BE54-9A1E7A4F7556}") = "R5T.T0185", "..\..\R5T.T0185\source\R5T.T0185\R5T.T0185.csproj", "{49F78B59-3001-4195-8166-4C01306646CE}"
EndProject
Project("{9A19103F-16F7-4668-BE54-9A1E7A4F7556}") = "R5T.T0219", "..\..\R5T.T0219\source\R5T.T0219\R5T.T0219.csproj", "{E7C80350-C55F-400B-BB5C-5A3779B3F44F}"
EndProject
Project("{9A19103F-16F7-4668-BE54-9A1E7A4F7556}") = "R5T.Z0058", "..\..\R5T.Z0058\source\R5T.Z0058\R5T.Z0058.csproj", "{99C3AD34-93B1-44D3-8124-F804371C2EA8}"
EndProject
Global
	GlobalSection(NestedProjects) = preSolution
		{09A59D22-9E67-4813-9494-9343801F2A8E} = {4BBC8CAC-08A1-4653-9104-F69BD7DDC650}
		{BC2ACFCA-42DE-4CF5-A096-E9C2ED85A0AD} = {4BBC8CAC-08A1-4653-9104-F69BD7DDC650}
		{D2E5E92E-069D-48B3-B23C-344F52D95430} = {4BBC8CAC-08A1-4653-9104-F69BD7DDC650}
		{56544139-F1AD-4DC4-A6D4-2FE525136B04} = {4BBC8CAC-08A1-4653-9104-F69BD7DDC650}
		{C7B7A15A-B704-48AC-82FB-7D56B826C16B} = {4BBC8CAC-08A1-4653-9104-F69BD7DDC650}
		{9DE1A6ED-C8B3-43E7-9CC3-6CA2CD390379} = {4BBC8CAC-08A1-4653-9104-F69BD7DDC650}
		{6702E401-2AE2-46EA-B37E-936B471F430C} = {4BBC8CAC-08A1-4653-9104-F69BD7DDC650}
		{3E122AB0-3332-405A-95FD-E32E5A8D8DD5} = {4BBC8CAC-08A1-4653-9104-F69BD7DDC650}
		{2F39B892-66B8-48F0-AC6C-B75D796348AD} = {4BBC8CAC-08A1-4653-9104-F69BD7DDC650}
		{49F78B59-3001-4195-8166-4C01306646CE} = {4BBC8CAC-08A1-4653-9104-F69BD7DDC650}
		{E7C80350-C55F-400B-BB5C-5A3779B3F44F} = {4BBC8CAC-08A1-4653-9104-F69BD7DDC650}
		{99C3AD34-93B1-44D3-8124-F804371C2EA8} = {4BBC8CAC-08A1-4653-9104-F69BD7DDC650}
	EndGlobalSection
	GlobalSection(SolutionConfigurationPlatforms) = preSolution
		Debug|Any CPU = Debug|Any CPU
		Release|Any CPU = Release|Any CPU
	EndGlobalSection
	GlobalSection(ProjectConfigurationPlatforms) = postSolution
		{D7635D48-D78B-43DE-9F0F-ECA5481EA6B7}.Debug|Any CPU.ActiveCfg = Debug|Any CPU
		{D7635D48-D78B-43DE-9F0F-ECA5481EA6B7}.Debug|Any CPU.Build.0 = Debug|Any CPU
		{D7635D48-D78B-43DE-9F0F-ECA5481EA6B7}.Release|Any CPU.ActiveCfg = Release|Any CPU
		{D7635D48-D78B-43DE-9F0F-ECA5481EA6B7}.Release|Any CPU.Build.0 = Release|Any CPU
		{09A59D22-9E67-4813-9494-9343801F2A8E}.Debug|Any CPU.ActiveCfg = Debug|Any CPU
		{09A59D22-9E67-4813-9494-9343801F2A8E}.Debug|Any CPU.Build.0 = Debug|Any CPU
		{09A59D22-9E67-4813-9494-9343801F2A8E}.Release|Any CPU.ActiveCfg = Release|Any CPU
		{09A59D22-9E67-4813-9494-9343801F2A8E}.Release|Any CPU.Build.0 = Release|Any CPU
		{BC2ACFCA-42DE-4CF5-A096-E9C2ED85A0AD}.Debug|Any CPU.ActiveCfg = Debug|Any CPU
		{BC2ACFCA-42DE-4CF5-A096-E9C2ED85A0AD}.Debug|Any CPU.Build.0 = Debug|Any CPU
		{BC2ACFCA-42DE-4CF5-A096-E9C2ED85A0AD}.Release|Any CPU.ActiveCfg = Release|Any CPU
		{BC2ACFCA-42DE-4CF5-A096-E9C2ED85A0AD}.Release|Any CPU.Build.0 = Release|Any CPU
		{D2E5E92E-069D-48B3-B23C-344F52D95430}.Debug|Any CPU.ActiveCfg = Debug|Any CPU
		{D2E5E92E-069D-48B3-B23C-344F52D95430}.Debug|Any CPU.Build.0 = Debug|Any CPU
		{D2E5E92E-069D-48B3-B23C-344F52D95430}.Release|Any CPU.ActiveCfg = Release|Any CPU
		{D2E5E92E-069D-48B3-B23C-344F52D95430}.Release|Any CPU.Build.0 = Release|Any CPU
		{56544139-F1AD-4DC4-A6D4-2FE525136B04}.Debug|Any CPU.ActiveCfg = Debug|Any CPU
		{56544139-F1AD-4DC4-A6D4-2FE525136B04}.Debug|Any CPU.Build.0 = Debug|Any CPU
		{56544139-F1AD-4DC4-A6D4-2FE525136B04}.Release|Any CPU.ActiveCfg = Release|Any CPU
		{56544139-F1AD-4DC4-A6D4-2FE525136B04}.Release|Any CPU.Build.0 = Release|Any CPU
		{C7B7A15A-B704-48AC-82FB-7D56B826C16B}.Debug|Any CPU.ActiveCfg = Debug|Any CPU
		{C7B7A15A-B704-48AC-82FB-7D56B826C16B}.Debug|Any CPU.Build.0 = Debug|Any CPU
		{C7B7A15A-B704-48AC-82FB-7D56B826C16B}.Release|Any CPU.ActiveCfg = Release|Any CPU
		{C7B7A15A-B704-48AC-82FB-7D56B826C16B}.Release|Any CPU.Build.0 = Release|Any CPU
		{9DE1A6ED-C8B3-43E7-9CC3-6CA2CD390379}.Debug|Any CPU.ActiveCfg = Debug|Any CPU
		{9DE1A6ED-C8B3-43E7-9CC3-6CA2CD390379}.Debug|Any CPU.Build.0 = Debug|Any CPU
		{9DE1A6ED-C8B3-43E7-9CC3-6CA2CD390379}.Release|Any CPU.ActiveCfg = Release|Any CPU
		{9DE1A6ED-C8B3-43E7-9CC3-6CA2CD390379}.Release|Any CPU.Build.0 = Release|Any CPU
		{6702E401-2AE2-46EA-B37E-936B471F430C}.Debug|Any CPU.ActiveCfg = Debug|Any CPU
		{6702E401-2AE2-46EA-B37E-936B471F430C}.Debug|Any CPU.Build.0 = Debug|Any CPU
		{6702E401-2AE2-46EA-B37E-936B471F430C}.Release|Any CPU.ActiveCfg = Release|Any CPU
		{6702E401-2AE2-46EA-B37E-936B471F430C}.Release|Any CPU.Build.0 = Release|Any CPU
		{3E122AB0-3332-405A-95FD-E32E5A8D8DD5}.Debug|Any CPU.ActiveCfg = Debug|Any CPU
		{3E122AB0-3332-405A-95FD-E32E5A8D8DD5}.Debug|Any CPU.Build.0 = Debug|Any CPU
		{3E122AB0-3332-405A-95FD-E32E5A8D8DD5}.Release|Any CPU.ActiveCfg = Release|Any CPU
		{3E122AB0-3332-405A-95FD-E32E5A8D8DD5}.Release|Any CPU.Build.0 = Release|Any CPU
		{2F39B892-66B8-48F0-AC6C-B75D796348AD}.Debug|Any CPU.ActiveCfg = Debug|Any CPU
		{2F39B892-66B8-48F0-AC6C-B75D796348AD}.Debug|Any CPU.Build.0 = Debug|Any CPU
		{2F39B892-66B8-48F0-AC6C-B75D796348AD}.Release|Any CPU.ActiveCfg = Release|Any CPU
		{2F39B892-66B8-48F0-AC6C-B75D796348AD}.Release|Any CPU.Build.0 = Release|Any CPU
		{49F78B59-3001-4195-8166-4C01306646CE}.Debug|Any CPU.ActiveCfg = Debug|Any CPU
		{49F78B59-3001-4195-8166-4C01306646CE}.Debug|Any CPU.Build.0 = Debug|Any CPU
		{49F78B59-3001-4195-8166-4C01306646CE}.Release|Any CPU.ActiveCfg = Release|Any CPU
		{49F78B59-3001-4195-8166-4C01306646CE}.Release|Any CPU.Build.0 = Release|Any CPU
		{E7C80350-C55F-400B-BB5C-5A3779B3F44F}.Debug|Any CPU.ActiveCfg = Debug|Any CPU
		{E7C80350-C55F-400B-BB5C-5A3779B3F44F}.Debug|Any CPU.Build.0 = Debug|Any CPU
		{E7C80350-C55F-400B-BB5C-5A3779B3F44F}.Release|Any CPU.ActiveCfg = Release|Any CPU
		{E7C80350-C55F-400B-BB5C-5A3779B3F44F}.Release|Any CPU.Build.0 = Release|Any CPU
		{99C3AD34-93B1-44D3-8124-F804371C2EA8}.Debug|Any CPU.ActiveCfg = Debug|Any CPU
		{99C3AD34-93B1-44D3-8124-F804371C2EA8}.Debug|Any CPU.Build.0 = Debug|Any CPU
		{99C3AD34-93B1-44D3-8124-F804371C2EA8}.Release|Any CPU.ActiveCfg = Release|Any CPU
		{99C3AD34-93B1-44D3-8124-F804371C2EA8}.Release|Any CPU.Build.0 = Release|Any CPU
	EndGlobalSection
	GlobalSection(SolutionProperties) = preSolution
		HideSolutionNode = FALSE
	EndGlobalSection
	GlobalSection(ExtensibilityGlobals) = postSolution
		SolutionGuid = {CFD38473-2DB2-4FEE-A484-181699BC8344}
	EndGlobalSection
EndGlobal
